
Microsoft Visual Studio Solution File, Format Version 12.00
# Visual Studio Version 17
VisualStudioVersion = 17.0.31903.59
MinimumVisualStudioVersion = 10.0.40219.1
Project("{FAE04EC0-301F-11D3-BF4B-00C04F79EFBC}") = "AppSimple.Core", "AppSimple.Core\AppSimple.Core.csproj", "{E425B4EB-C81F-4193-8EA9-575D5C2C67DB}"
EndProject
Project("{FAE04EC0-301F-11D3-BF4B-00C04F79EFBC}") = "AppSimple.DataLib", "AppSimple.DataLib\AppSimple.DataLib.csproj", "{360E6D99-412B-4376-AA95-26586644821B}"
EndProject
Project("{FAE04EC0-301F-11D3-BF4B-00C04F79EFBC}") = "AppSimple.DataLib.Tests", "AppSimple.DataLib.Tests\AppSimple.DataLib.Tests.csproj", "{7487093E-3CD2-41FE-AD7D-E121589BA458}"
EndProject
Project("{FAE04EC0-301F-11D3-BF4B-00C04F79EFBC}") = "AppSimple.Core.Tests", "AppSimple.Core.Tests\AppSimple.Core.Tests.csproj", "{127D35B1-4C0C-4357-9E57-25DCB1CB63F4}"
EndProject
Project("{FAE04EC0-301F-11D3-BF4B-00C04F79EFBC}") = "AppSimple.MvvmApp", "AppSimple.MvvmApp\AppSimple.MvvmApp.csproj", "{A8FB472F-A36F-4BC4-9A0B-E92FF43884A9}"
Project("{FAE04EC0-301F-11D3-BF4B-00C04F79EFBC}") = "AppSimple.UserCLI", "AppSimple.UserCLI\AppSimple.UserCLI.csproj", "{EF688CBC-ECD3-4952-A1AF-43A2139FD85F}"
EndProject
Global
	GlobalSection(SolutionConfigurationPlatforms) = preSolution
		Debug|Any CPU = Debug|Any CPU
		Debug|x64 = Debug|x64
		Debug|x86 = Debug|x86
		Release|Any CPU = Release|Any CPU
		Release|x64 = Release|x64
		Release|x86 = Release|x86
	EndGlobalSection
	GlobalSection(ProjectConfigurationPlatforms) = postSolution
		{E425B4EB-C81F-4193-8EA9-575D5C2C67DB}.Debug|Any CPU.ActiveCfg = Debug|Any CPU
		{E425B4EB-C81F-4193-8EA9-575D5C2C67DB}.Debug|Any CPU.Build.0 = Debug|Any CPU
		{E425B4EB-C81F-4193-8EA9-575D5C2C67DB}.Debug|x64.ActiveCfg = Debug|Any CPU
		{E425B4EB-C81F-4193-8EA9-575D5C2C67DB}.Debug|x64.Build.0 = Debug|Any CPU
		{E425B4EB-C81F-4193-8EA9-575D5C2C67DB}.Debug|x86.ActiveCfg = Debug|Any CPU
		{E425B4EB-C81F-4193-8EA9-575D5C2C67DB}.Debug|x86.Build.0 = Debug|Any CPU
		{E425B4EB-C81F-4193-8EA9-575D5C2C67DB}.Release|Any CPU.ActiveCfg = Release|Any CPU
		{E425B4EB-C81F-4193-8EA9-575D5C2C67DB}.Release|Any CPU.Build.0 = Release|Any CPU
		{E425B4EB-C81F-4193-8EA9-575D5C2C67DB}.Release|x64.ActiveCfg = Release|Any CPU
		{E425B4EB-C81F-4193-8EA9-575D5C2C67DB}.Release|x64.Build.0 = Release|Any CPU
		{E425B4EB-C81F-4193-8EA9-575D5C2C67DB}.Release|x86.ActiveCfg = Release|Any CPU
		{E425B4EB-C81F-4193-8EA9-575D5C2C67DB}.Release|x86.Build.0 = Release|Any CPU
		{360E6D99-412B-4376-AA95-26586644821B}.Debug|Any CPU.ActiveCfg = Debug|Any CPU
		{360E6D99-412B-4376-AA95-26586644821B}.Debug|Any CPU.Build.0 = Debug|Any CPU
		{360E6D99-412B-4376-AA95-26586644821B}.Debug|x64.ActiveCfg = Debug|Any CPU
		{360E6D99-412B-4376-AA95-26586644821B}.Debug|x64.Build.0 = Debug|Any CPU
		{360E6D99-412B-4376-AA95-26586644821B}.Debug|x86.ActiveCfg = Debug|Any CPU
		{360E6D99-412B-4376-AA95-26586644821B}.Debug|x86.Build.0 = Debug|Any CPU
		{360E6D99-412B-4376-AA95-26586644821B}.Release|Any CPU.ActiveCfg = Release|Any CPU
		{360E6D99-412B-4376-AA95-26586644821B}.Release|Any CPU.Build.0 = Release|Any CPU
		{360E6D99-412B-4376-AA95-26586644821B}.Release|x64.ActiveCfg = Release|Any CPU
		{360E6D99-412B-4376-AA95-26586644821B}.Release|x64.Build.0 = Release|Any CPU
		{360E6D99-412B-4376-AA95-26586644821B}.Release|x86.ActiveCfg = Release|Any CPU
		{360E6D99-412B-4376-AA95-26586644821B}.Release|x86.Build.0 = Release|Any CPU
		{7487093E-3CD2-41FE-AD7D-E121589BA458}.Debug|Any CPU.ActiveCfg = Debug|Any CPU
		{7487093E-3CD2-41FE-AD7D-E121589BA458}.Debug|Any CPU.Build.0 = Debug|Any CPU
		{7487093E-3CD2-41FE-AD7D-E121589BA458}.Debug|x64.ActiveCfg = Debug|Any CPU
		{7487093E-3CD2-41FE-AD7D-E121589BA458}.Debug|x64.Build.0 = Debug|Any CPU
		{7487093E-3CD2-41FE-AD7D-E121589BA458}.Debug|x86.ActiveCfg = Debug|Any CPU
		{7487093E-3CD2-41FE-AD7D-E121589BA458}.Debug|x86.Build.0 = Debug|Any CPU
		{7487093E-3CD2-41FE-AD7D-E121589BA458}.Release|Any CPU.ActiveCfg = Release|Any CPU
		{7487093E-3CD2-41FE-AD7D-E121589BA458}.Release|Any CPU.Build.0 = Release|Any CPU
		{7487093E-3CD2-41FE-AD7D-E121589BA458}.Release|x64.ActiveCfg = Release|Any CPU
		{7487093E-3CD2-41FE-AD7D-E121589BA458}.Release|x64.Build.0 = Release|Any CPU
		{7487093E-3CD2-41FE-AD7D-E121589BA458}.Release|x86.ActiveCfg = Release|Any CPU
		{7487093E-3CD2-41FE-AD7D-E121589BA458}.Release|x86.Build.0 = Release|Any CPU
		{127D35B1-4C0C-4357-9E57-25DCB1CB63F4}.Debug|Any CPU.ActiveCfg = Debug|Any CPU
		{127D35B1-4C0C-4357-9E57-25DCB1CB63F4}.Debug|Any CPU.Build.0 = Debug|Any CPU
		{127D35B1-4C0C-4357-9E57-25DCB1CB63F4}.Debug|x64.ActiveCfg = Debug|Any CPU
		{127D35B1-4C0C-4357-9E57-25DCB1CB63F4}.Debug|x64.Build.0 = Debug|Any CPU
		{127D35B1-4C0C-4357-9E57-25DCB1CB63F4}.Debug|x86.ActiveCfg = Debug|Any CPU
		{127D35B1-4C0C-4357-9E57-25DCB1CB63F4}.Debug|x86.Build.0 = Debug|Any CPU
		{127D35B1-4C0C-4357-9E57-25DCB1CB63F4}.Release|Any CPU.ActiveCfg = Release|Any CPU
		{127D35B1-4C0C-4357-9E57-25DCB1CB63F4}.Release|Any CPU.Build.0 = Release|Any CPU
		{127D35B1-4C0C-4357-9E57-25DCB1CB63F4}.Release|x64.ActiveCfg = Release|Any CPU
		{127D35B1-4C0C-4357-9E57-25DCB1CB63F4}.Release|x64.Build.0 = Release|Any CPU
		{127D35B1-4C0C-4357-9E57-25DCB1CB63F4}.Release|x86.ActiveCfg = Release|Any CPU
		{127D35B1-4C0C-4357-9E57-25DCB1CB63F4}.Release|x86.Build.0 = Release|Any CPU
		{A8FB472F-A36F-4BC4-9A0B-E92FF43884A9}.Debug|Any CPU.ActiveCfg = Debug|Any CPU
		{A8FB472F-A36F-4BC4-9A0B-E92FF43884A9}.Debug|Any CPU.Build.0 = Debug|Any CPU
		{A8FB472F-A36F-4BC4-9A0B-E92FF43884A9}.Debug|x64.ActiveCfg = Debug|Any CPU
		{A8FB472F-A36F-4BC4-9A0B-E92FF43884A9}.Debug|x64.Build.0 = Debug|Any CPU
		{A8FB472F-A36F-4BC4-9A0B-E92FF43884A9}.Debug|x86.ActiveCfg = Debug|Any CPU
		{A8FB472F-A36F-4BC4-9A0B-E92FF43884A9}.Debug|x86.Build.0 = Debug|Any CPU
		{A8FB472F-A36F-4BC4-9A0B-E92FF43884A9}.Release|Any CPU.ActiveCfg = Release|Any CPU
		{A8FB472F-A36F-4BC4-9A0B-E92FF43884A9}.Release|Any CPU.Build.0 = Release|Any CPU
		{A8FB472F-A36F-4BC4-9A0B-E92FF43884A9}.Release|x64.ActiveCfg = Release|Any CPU
		{A8FB472F-A36F-4BC4-9A0B-E92FF43884A9}.Release|x64.Build.0 = Release|Any CPU
		{A8FB472F-A36F-4BC4-9A0B-E92FF43884A9}.Release|x86.ActiveCfg = Release|Any CPU
		{A8FB472F-A36F-4BC4-9A0B-E92FF43884A9}.Release|x86.Build.0 = Release|Any CPU
		{EF688CBC-ECD3-4952-A1AF-43A2139FD85F}.Debug|Any CPU.ActiveCfg = Debug|Any CPU
		{EF688CBC-ECD3-4952-A1AF-43A2139FD85F}.Debug|Any CPU.Build.0 = Debug|Any CPU
		{EF688CBC-ECD3-4952-A1AF-43A2139FD85F}.Debug|x64.ActiveCfg = Debug|Any CPU
		{EF688CBC-ECD3-4952-A1AF-43A2139FD85F}.Debug|x64.Build.0 = Debug|Any CPU
		{EF688CBC-ECD3-4952-A1AF-43A2139FD85F}.Debug|x86.ActiveCfg = Debug|Any CPU
		{EF688CBC-ECD3-4952-A1AF-43A2139FD85F}.Debug|x86.Build.0 = Debug|Any CPU
		{EF688CBC-ECD3-4952-A1AF-43A2139FD85F}.Release|Any CPU.ActiveCfg = Release|Any CPU
		{EF688CBC-ECD3-4952-A1AF-43A2139FD85F}.Release|Any CPU.Build.0 = Release|Any CPU
		{EF688CBC-ECD3-4952-A1AF-43A2139FD85F}.Release|x64.ActiveCfg = Release|Any CPU
		{EF688CBC-ECD3-4952-A1AF-43A2139FD85F}.Release|x64.Build.0 = Release|Any CPU
		{EF688CBC-ECD3-4952-A1AF-43A2139FD85F}.Release|x86.ActiveCfg = Release|Any CPU
		{EF688CBC-ECD3-4952-A1AF-43A2139FD85F}.Release|x86.Build.0 = Release|Any CPU
	EndGlobalSection
	GlobalSection(SolutionProperties) = preSolution
		HideSolutionNode = FALSE
	EndGlobalSection
EndGlobal
